
Microsoft Visual Studio Solution File, Format Version 12.00
# Visual Studio 2012
Project("{FAE04EC0-301F-11D3-BF4B-00C04F79EFBC}") = "Generic Text Generator", "Generic Text Generator\Generic Text Generator.csproj", "{3E67B5FB-F5C6-4A8D-A21C-723F7CB16C5C}"
EndProject
Project("{2150E333-8FDC-42A3-9474-1A3956D46DE8}") = "Solution Items", "Solution Items", "{12DD022E-F87F-4216-8AC1-42068941BC68}"
EndProject
Global
	GlobalSection(SolutionConfigurationPlatforms) = preSolution
		Debug|Any CPU = Debug|Any CPU
		Release|Any CPU = Release|Any CPU
	EndGlobalSection
	GlobalSection(ProjectConfigurationPlatforms) = postSolution
		{3E67B5FB-F5C6-4A8D-A21C-723F7CB16C5C}.Debug|Any CPU.ActiveCfg = Debug|Any CPU
		{3E67B5FB-F5C6-4A8D-A21C-723F7CB16C5C}.Debug|Any CPU.Build.0 = Debug|Any CPU
		{3E67B5FB-F5C6-4A8D-A21C-723F7CB16C5C}.Release|Any CPU.ActiveCfg = Release|Any CPU
		{3E67B5FB-F5C6-4A8D-A21C-723F7CB16C5C}.Release|Any CPU.Build.0 = Release|Any CPU
	EndGlobalSection
	GlobalSection(SolutionProperties) = preSolution
		HideSolutionNode = FALSE
	EndGlobalSection
EndGlobal
